<?xml version="1.0" encoding="utf-8"?>
<Project ToolsVersion="4.0" xmlns="http://schemas.microsoft.com/developer/msbuild/2003">
  <ItemGroup>
    <Filter Include="imgui">
      <UniqueIdentifier>{226928f0-f4cb-4251-a408-0db23a566156}</UniqueIdentifier>
    </Filter>
    <Filter Include="shaders">
      <UniqueIdentifier>{f4bf5ad3-cd5a-47eb-a945-f9d0834dad31}</UniqueIdentifier>
    </Filter>
    <Filter Include="Src">
      <UniqueIdentifier>{4FC737F1-C7A5-4376-A066-2A32D752A2FF}</UniqueIdentifier>
      <Extensions>cpp;c;cc;cxx;def;odl;idl;hpj;bat;asm;asmx</Extensions>
    </Filter>
    <Filter Include="Header">
      <UniqueIdentifier>{93995380-89BD-4b04-88EB-625FBE52EBFB}</UniqueIdentifier>
      <Extensions>h;hh;hpp;hxx;hm;inl;inc;ipp;xsd</Extensions>
    </Filter>
  </ItemGroup>
  <ItemGroup>
    <ClCompile Include="main.cpp">
      <Filter>Src</Filter>
    </ClCompile>
    <ClCompile Include="Shader.cpp">
      <Filter>Src</Filter>
    </ClCompile>
    <ClCompile Include="Camera.cpp">
      <Filter>Src</Filter>
    </ClCompile>
    <ClCompile Include="Model.cpp">
      <Filter>Src</Filter>
    </ClCompile>
    <ClCompile Include="include\imgui\imgui.cpp">
      <Filter>imgui</Filter>
    </ClCompile>
    <ClCompile Include="include\imgui\imgui_demo.cpp">
      <Filter>imgui</Filter>
    </ClCompile>
    <ClCompile Include="include\imgui\imgui_draw.cpp">
      <Filter>imgui</Filter>
    </ClCompile>
    <ClCompile Include="include\imgui\imgui_widgets.cpp">
      <Filter>imgui</Filter>
    </ClCompile>
    <ClCompile Include="include\imgui\imgui_impl_glfw.cpp">
      <Filter>imgui</Filter>
    </ClCompile>
    <ClCompile Include="include\imgui\imgui_impl_opengl3.cpp">
      <Filter>imgui</Filter>
    </ClCompile>
    <ClCompile Include="src\glad.c">
      <Filter>Src</Filter>
    </ClCompile>
    <ClCompile Include="BVHTree.cpp">
      <Filter>Src</Filter>
    </ClCompile>
    <ClCompile Include="Octree.cpp">
      <Filter>Src</Filter>
    </ClCompile>
    <ClCompile Include="BSPTree.cpp">
      <Filter>Src</Filter>
    </ClCompile>
  </ItemGroup>
  <ItemGroup>
    <ClInclude Include="Shader.h">
      <Filter>Header</Filter>
    </ClInclude>
    <ClInclude Include="Camera.h">
      <Filter>Header</Filter>
    </ClInclude>
    <ClInclude Include="Model.h">
      <Filter>Header</Filter>
    </ClInclude>
    <ClInclude Include="Light.h">
      <Filter>Header</Filter>
    </ClInclude>
    <ClInclude Include="include\imgui\imconfig.h">
      <Filter>imgui</Filter>
    </ClInclude>
    <ClInclude Include="include\imgui\imgui.h">
      <Filter>imgui</Filter>
    </ClInclude>
    <ClInclude Include="include\imgui\imgui_internal.h">
      <Filter>imgui</Filter>
    </ClInclude>
    <ClInclude Include="include\imgui\imstb_rectpack.h">
      <Filter>imgui</Filter>
    </ClInclude>
    <ClInclude Include="include\imgui\imstb_textedit.h">
      <Filter>imgui</Filter>
    </ClInclude>
    <ClInclude Include="include\imgui\imstb_truetype.h">
      <Filter>imgui</Filter>
    </ClInclude>
    <ClInclude Include="include\imgui\imgui_impl_glfw.h">
      <Filter>imgui</Filter>
    </ClInclude>
    <ClInclude Include="include\imgui\imgui_impl_opengl3.h">
      <Filter>imgui</Filter>
    </ClInclude>
    <ClInclude Include="BVHTree.h">
      <Filter>Header</Filter>
    </ClInclude>
    <ClInclude Include="Octree.h">
      <Filter>Header</Filter>
    </ClInclude>
    <ClInclude Include="BSPTree.h">
      <Filter>Header</Filter>
    </ClInclude>
    <ClInclude Include="Triangle.h">
      <Filter>Header</Filter>
    </ClInclude>
  </ItemGroup>
  <ItemGroup>
    <None Include="shaders\m_fragmentShader.frag">
      <Filter>shaders</Filter>
    </None>
    <None Include="shaders\m_vertexShader.vert">
      <Filter>shaders</Filter>
    </None>
    <None Include="shaders\m_fragmentShader_2.frag">
      <Filter>shaders</Filter>
    </None>
    <None Include="shaders\m_geometryShader.geom">
      <Filter>shaders</Filter>
    </None>
    <None Include="shaders\m_geometryShader_2.geom">
      <Filter>shaders</Filter>
    </None>
    <None Include="shaders\m_vertexShader_2.vert">
      <Filter>shaders</Filter>
    </None>
    <None Include="shaders\g_buffer.frag">
      <Filter>shaders</Filter>
    </None>
    <None Include="shaders\g_buffer.vert">
      <Filter>shaders</Filter>
    </None>
    <None Include="shaders\deferred_shading.frag">
      <Filter>shaders</Filter>
    </None>
    <None Include="shaders\deferred_shading.vert">
      <Filter>shaders</Filter>
    </None>
    <None Include="shaders\m_octree.frag">
      <Filter>shaders</Filter>
    </None>
    <None Include="shaders\m_octree.vert">
      <Filter>shaders</Filter>
    </None>
  </ItemGroup>
</Project>